
Microsoft Visual Studio Solution File, Format Version 12.00
# Visual Studio 2017
Project("{FAE04EC0-301F-11D3-BF4B-00C04F79EFBC}") = "BUCHIKAMASU.Plugins", "BUCHIKAMASU.Plugins.csproj", "{33D46BF5-5C4B-CEF3-56AB-F4B5985A0146}"
EndProject
Project("{FAE04EC0-301F-11D3-BF4B-00C04F79EFBC}") = "BUCHIKAMASU", "BUCHIKAMASU.csproj", "{83DBAB75-05FF-AE29-5EC3-E973BA3A380E}"
EndProject
Project("{FAE04EC0-301F-11D3-BF4B-00C04F79EFBC}") = "BUCHIKAMASU.Editor.Plugins", "BUCHIKAMASU.Editor.Plugins.csproj", "{6E87FBEE-228A-805B-05E2-99FF66AAF7EF}"
EndProject
Global
	GlobalSection(SolutionConfigurationPlatforms) = preSolution
		Debug|Any CPU = Debug|Any CPU
		Release|Any CPU = Release|Any CPU
	EndGlobalSection
	GlobalSection(ProjectConfigurationPlatforms) = postSolution
		{33D46BF5-5C4B-CEF3-56AB-F4B5985A0146}.Debug|Any CPU.ActiveCfg = Debug|Any CPU
		{33D46BF5-5C4B-CEF3-56AB-F4B5985A0146}.Debug|Any CPU.Build.0 = Debug|Any CPU
		{33D46BF5-5C4B-CEF3-56AB-F4B5985A0146}.Release|Any CPU.ActiveCfg = Release|Any CPU
		{33D46BF5-5C4B-CEF3-56AB-F4B5985A0146}.Release|Any CPU.Build.0 = Release|Any CPU
		{83DBAB75-05FF-AE29-5EC3-E973BA3A380E}.Debug|Any CPU.ActiveCfg = Debug|Any CPU
		{83DBAB75-05FF-AE29-5EC3-E973BA3A380E}.Debug|Any CPU.Build.0 = Debug|Any CPU
		{83DBAB75-05FF-AE29-5EC3-E973BA3A380E}.Release|Any CPU.ActiveCfg = Release|Any CPU
		{83DBAB75-05FF-AE29-5EC3-E973BA3A380E}.Release|Any CPU.Build.0 = Release|Any CPU
		{6E87FBEE-228A-805B-05E2-99FF66AAF7EF}.Debug|Any CPU.ActiveCfg = Debug|Any CPU
		{6E87FBEE-228A-805B-05E2-99FF66AAF7EF}.Debug|Any CPU.Build.0 = Debug|Any CPU
		{6E87FBEE-228A-805B-05E2-99FF66AAF7EF}.Release|Any CPU.ActiveCfg = Release|Any CPU
		{6E87FBEE-228A-805B-05E2-99FF66AAF7EF}.Release|Any CPU.Build.0 = Release|Any CPU
	EndGlobalSection
	GlobalSection(SolutionProperties) = preSolution
		HideSolutionNode = FALSE
	EndGlobalSection
EndGlobal
